PODS:
  - Capacitor (7.5.0):
    - CapacitorCordova
  - CapacitorApp (7.1.0):
    - Capacitor
  - CapacitorCordova (7.5.0)
  - CapacitorHaptics (7.0.2):
    - Capacitor
  - CapacitorKeyboard (7.0.3):
    - Capacitor
  - CapacitorStatusBar (7.0.3):
    - Capacitor

DEPENDENCIES:
  - "Capacitor (from `../../node_modules/@capacitor/ios`)"
  - "CapacitorApp (from `../../node_modules/@capacitor/app`)"
  - "CapacitorCordova (from `../../node_modules/@capacitor/ios`)"
  - "CapacitorHaptics (from `../../node_modules/@capacitor/haptics`)"
  - "CapacitorKeyboard (from `../../node_modules/@capacitor/keyboard`)"
  - "CapacitorStatusBar (from `../../node_modules/@capacitor/status-bar`)"

EXTERNAL SOURCES:
  Capacitor:
    :path: "../../node_modules/@capacitor/ios"
  CapacitorApp:
    :path: "../../node_modules/@capacitor/app"
  CapacitorCordova:
    :path: "../../node_modules/@capacitor/ios"
  CapacitorHaptics:
    :path: "../../node_modules/@capacitor/haptics"
  CapacitorKeyboard:
    :path: "../../node_modules/@capacitor/keyboard"
  CapacitorStatusBar:
    :path: "../../node_modules/@capacitor/status-bar"

SPEC CHECKSUMS:
  Capacitor: 0a78ec6b54580fa055c11744a4e83cd7942d98ca
  CapacitorApp: 26587c2ce485d88ddb39adb21cac64f8e481afe3
  CapacitorCordova: ae35646a9b46cfd00d637f195509c86594026aad
  CapacitorHaptics: b3fb2869e72c4466e18ce9ccbeb60a3d8723b3d4
  CapacitorKeyboard: 62f36104f26d53d8b3a2a43f2a69fe714f1777d5
  CapacitorStatusBar: 0659ddc7b1713764a05831463d215b177a15d054

PODFILE CHECKSUM: dbe0a1138d3b0ad4e9d6ecd4c77f0b993612bf21

COCOAPODS: 1.16.2
